
Microsoft Visual Studio Solution File, Format Version 12.00
# Visual Studio Version 16
VisualStudioVersion = 16.0.29806.167
MinimumVisualStudioVersion = 10.0.40219.1
Project("{FAE04EC0-301F-11D3-BF4B-00C04F79EFBC}") = "WebApiCoronavirus", "WebApiCoronavirus\WebApiCoronavirus.csproj", "{ED85B891-FE18-4914-9C94-971F1A84FE1B}"
EndProject
Global
	GlobalSection(SolutionConfigurationPlatforms) = preSolution
		Debug|Any CPU = Debug|Any CPU
		Release|Any CPU = Release|Any CPU
	EndGlobalSection
	GlobalSection(ProjectConfigurationPlatforms) = postSolution
		{ED85B891-FE18-4914-9C94-971F1A84FE1B}.Debug|Any CPU.ActiveCfg = Debug|Any CPU
		{ED85B891-FE18-4914-9C94-971F1A84FE1B}.Debug|Any CPU.Build.0 = Debug|Any CPU
		{ED85B891-FE18-4914-9C94-971F1A84FE1B}.Release|Any CPU.ActiveCfg = Release|Any CPU
		{ED85B891-FE18-4914-9C94-971F1A84FE1B}.Release|Any CPU.Build.0 = Release|Any CPU
	EndGlobalSection
	GlobalSection(SolutionProperties) = preSolution
		HideSolutionNode = FALSE
	EndGlobalSection
	GlobalSection(ExtensibilityGlobals) = postSolution
		SolutionGuid = {D7198B3B-88BF-4138-B62E-57A1C7B7A0A8}
	EndGlobalSection
EndGlobal
